
Microsoft Visual Studio Solution File, Format Version 12.00
Project("{FAE04EC0-301F-11D3-BF4B-00C04F79EFBC}") = "CalculoIMC", "CalculoIMC\CalculoIMC.csproj", "{FFF0F2FB-2655-40FE-9D12-E3DBF1427639}"
EndProject
Global
	GlobalSection(SolutionConfigurationPlatforms) = preSolution
		Debug|Any CPU = Debug|Any CPU
		Release|Any CPU = Release|Any CPU
	EndGlobalSection
	GlobalSection(ProjectConfigurationPlatforms) = postSolution
		{FFF0F2FB-2655-40FE-9D12-E3DBF1427639}.Debug|Any CPU.ActiveCfg = Debug|Any CPU
		{FFF0F2FB-2655-40FE-9D12-E3DBF1427639}.Debug|Any CPU.Build.0 = Debug|Any CPU
		{FFF0F2FB-2655-40FE-9D12-E3DBF1427639}.Release|Any CPU.ActiveCfg = Release|Any CPU
		{FFF0F2FB-2655-40FE-9D12-E3DBF1427639}.Release|Any CPU.Build.0 = Release|Any CPU
	EndGlobalSection
EndGlobal
